{
  "pins" : [
    {
      "identity" : "whisper.spm",
      "kind" : "remoteSourceControl",
      "location" : "https://github.com/ggerganov/whisper.spm",
      "state" : {
        "branch" : "master",
        "revision" : "f6334b026f63700ff86f2a942da7ef69690d10a2"
      }
    }
  ],
  "version" : 2
}
